// !$*UTF8*$!
{
	archiveVersion = 1;
	classes = {
	};
	objectVersion = 46;
	objects = {

/* Begin PBXBuildFile section */
		69B2C27D18DCA8FB0038DB55 /* SGFeedTableViewController.m in Sources */ = {isa = PBXBuildFile; fileRef = 69B2C27C18DCA8FB0038DB55 /* SGFeedTableViewController.m */; };
		69B2C28018DCA99F0038DB55 /* SGSagaCell.m in Sources */ = {isa = PBXBuildFile; fileRef = 69B2C27F18DCA99F0038DB55 /* SGSagaCell.m */; };
		69B2C28318DCA9A90038DB55 /* SGSaCell.m in Sources */ = {isa = PBXBuildFile; fileRef = 69B2C28218DCA9A90038DB55 /* SGSaCell.m */; };
		69B2C28618DCEF680038DB55 /* SGSagaHolderView.m in Sources */ = {isa = PBXBuildFile; fileRef = 69B2C28518DCEF680038DB55 /* SGSagaHolderView.m */; };
		69B2C28918DDA2630038DB55 /* SGShooterViewController.m in Sources */ = {isa = PBXBuildFile; fileRef = 69B2C28818DDA2630038DB55 /* SGShooterViewController.m */; };
		69B2C28C18DDB1F10038DB55 /* SGshooterSegue.m in Sources */ = {isa = PBXBuildFile; fileRef = 69B2C28B18DDB1F10038DB55 /* SGshooterSegue.m */; };
		F934367118C9D10D003415AA /* AudioToolbox.framework in Frameworks */ = {isa = PBXBuildFile; fileRef = F934367018C9D10D003415AA /* AudioToolbox.framework */; };
		F934367318C9D116003415AA /* CFNetwork.framework in Frameworks */ = {isa = PBXBuildFile; fileRef = F934367218C9D116003415AA /* CFNetwork.framework */; };
		F934367518C9D12A003415AA /* CoreLocation.framework in Frameworks */ = {isa = PBXBuildFile; fileRef = F934367418C9D12A003415AA /* CoreLocation.framework */; };
		F934367718C9D138003415AA /* libz.dylib in Frameworks */ = {isa = PBXBuildFile; fileRef = F934367618C9D138003415AA /* libz.dylib */; };
		F934367918C9D143003415AA /* MobileCoreServices.framework in Frameworks */ = {isa = PBXBuildFile; fileRef = F934367818C9D143003415AA /* MobileCoreServices.framework */; };
		F934367B18C9D14C003415AA /* QuartzCore.framework in Frameworks */ = {isa = PBXBuildFile; fileRef = F934367A18C9D14C003415AA /* QuartzCore.framework */; };
		F934367D18C9D155003415AA /* Security.framework in Frameworks */ = {isa = PBXBuildFile; fileRef = F934367C18C9D155003415AA /* Security.framework */; };
		F934367F18C9D15E003415AA /* StoreKit.framework in Frameworks */ = {isa = PBXBuildFile; fileRef = F934367E18C9D15E003415AA /* StoreKit.framework */; };
		F934368118C9D16D003415AA /* SystemConfiguration.framework in Frameworks */ = {isa = PBXBuildFile; fileRef = F934368018C9D16D003415AA /* SystemConfiguration.framework */; };
		F934368418CC8B69003415AA /* SGFeedViewController.m in Sources */ = {isa = PBXBuildFile; fileRef = F934368318CC8B69003415AA /* SGFeedViewController.m */; };
		F93916A118DBA56A004A1C27 /* Parse.framework in Frameworks */ = {isa = PBXBuildFile; fileRef = F93916A018DBA56A004A1C27 /* Parse.framework */; };
		F984D63E18E4B3B400CAA420 /* AVFoundation.framework in Frameworks */ = {isa = PBXBuildFile; fileRef = F984D63D18E4B3B400CAA420 /* AVFoundation.framework */; };
		F9A50DB418C8BDBB00FD7CFE /* Foundation.framework in Frameworks */ = {isa = PBXBuildFile; fileRef = F9A50DB318C8BDBB00FD7CFE /* Foundation.framework */; };
		F9A50DB618C8BDBB00FD7CFE /* CoreGraphics.framework in Frameworks */ = {isa = PBXBuildFile; fileRef = F9A50DB518C8BDBB00FD7CFE /* CoreGraphics.framework */; };
		F9A50DB818C8BDBB00FD7CFE /* UIKit.framework in Frameworks */ = {isa = PBXBuildFile; fileRef = F9A50DB718C8BDBB00FD7CFE /* UIKit.framework */; };
		F9A50DBE18C8BDBB00FD7CFE /* InfoPlist.strings in Resources */ = {isa = PBXBuildFile; fileRef = F9A50DBC18C8BDBB00FD7CFE /* InfoPlist.strings */; };
		F9A50DC018C8BDBB00FD7CFE /* main.m in Sources */ = {isa = PBXBuildFile; fileRef = F9A50DBF18C8BDBB00FD7CFE /* main.m */; };
		F9A50DC418C8BDBB00FD7CFE /* SGAppDelegate.m in Sources */ = {isa = PBXBuildFile; fileRef = F9A50DC318C8BDBB00FD7CFE /* SGAppDelegate.m */; };
		F9A50DC618C8BDBB00FD7CFE /* Images.xcassets in Resources */ = {isa = PBXBuildFile; fileRef = F9A50DC518C8BDBB00FD7CFE /* Images.xcassets */; };
		F9A50DCD18C8BDBB00FD7CFE /* XCTest.framework in Frameworks */ = {isa = PBXBuildFile; fileRef = F9A50DCC18C8BDBB00FD7CFE /* XCTest.framework */; };
		F9A50DCE18C8BDBB00FD7CFE /* Foundation.framework in Frameworks */ = {isa = PBXBuildFile; fileRef = F9A50DB318C8BDBB00FD7CFE /* Foundation.framework */; };
		F9A50DCF18C8BDBB00FD7CFE /* UIKit.framework in Frameworks */ = {isa = PBXBuildFile; fileRef = F9A50DB718C8BDBB00FD7CFE /* UIKit.framework */; };
		F9A50DE318C8BDFD00FD7CFE /* MainStoryboard.storyboard in Resources */ = {isa = PBXBuildFile; fileRef = F9A50DE218C8BDFD00FD7CFE /* MainStoryboard.storyboard */; };
/* End PBXBuildFile section */

/* Begin PBXContainerItemProxy section */
		F9A50DD018C8BDBB00FD7CFE /* PBXContainerItemProxy */ = {
			isa = PBXContainerItemProxy;
			containerPortal = F9A50DA818C8BDBB00FD7CFE /* Project object */;
			proxyType = 1;
			remoteGlobalIDString = F9A50DAF18C8BDBB00FD7CFE;
			remoteInfo = Saga;
		};
/* End PBXContainerItemProxy section */

/* Begin PBXFileReference section */
		69B2C27B18DCA8FB0038DB55 /* SGFeedTableViewController.h */ = {isa = PBXFileReference; fileEncoding = 4; lastKnownFileType = sourcecode.c.h; path = SGFeedTableViewController.h; sourceTree = "<group>"; };
		69B2C27C18DCA8FB0038DB55 /* SGFeedTableViewController.m */ = {isa = PBXFileReference; fileEncoding = 4; lastKnownFileType = sourcecode.c.objc; path = SGFeedTableViewController.m; sourceTree = "<group>"; };
		69B2C27E18DCA99F0038DB55 /* SGSagaCell.h */ = {isa = PBXFileReference; fileEncoding = 4; lastKnownFileType = sourcecode.c.h; path = SGSagaCell.h; sourceTree = "<group>"; };
		69B2C27F18DCA99F0038DB55 /* SGSagaCell.m */ = {isa = PBXFileReference; fileEncoding = 4; lastKnownFileType = sourcecode.c.objc; path = SGSagaCell.m; sourceTree = "<group>"; };
		69B2C28118DCA9A90038DB55 /* SGSaCell.h */ = {isa = PBXFileReference; fileEncoding = 4; lastKnownFileType = sourcecode.c.h; path = SGSaCell.h; sourceTree = "<group>"; };
		69B2C28218DCA9A90038DB55 /* SGSaCell.m */ = {isa = PBXFileReference; fileEncoding = 4; lastKnownFileType = sourcecode.c.objc; path = SGSaCell.m; sourceTree = "<group>"; };
		69B2C28418DCEF680038DB55 /* SGSagaHolderView.h */ = {isa = PBXFileReference; fileEncoding = 4; lastKnownFileType = sourcecode.c.h; path = SGSagaHolderView.h; sourceTree = "<group>"; };
		69B2C28518DCEF680038DB55 /* SGSagaHolderView.m */ = {isa = PBXFileReference; fileEncoding = 4; lastKnownFileType = sourcecode.c.objc; path = SGSagaHolderView.m; sourceTree = "<group>"; };
		69B2C28718DDA2630038DB55 /* SGShooterViewController.h */ = {isa = PBXFileReference; fileEncoding = 4; lastKnownFileType = sourcecode.c.h; path = SGShooterViewController.h; sourceTree = "<group>"; };
		69B2C28818DDA2630038DB55 /* SGShooterViewController.m */ = {isa = PBXFileReference; fileEncoding = 4; lastKnownFileType = sourcecode.c.objc; path = SGShooterViewController.m; sourceTree = "<group>"; };
		69B2C28A18DDB1F10038DB55 /* SGshooterSegue.h */ = {isa = PBXFileReference; fileEncoding = 4; lastKnownFileType = sourcecode.c.h; path = SGshooterSegue.h; sourceTree = "<group>"; };
		69B2C28B18DDB1F10038DB55 /* SGshooterSegue.m */ = {isa = PBXFileReference; fileEncoding = 4; lastKnownFileType = sourcecode.c.objc; path = SGshooterSegue.m; sourceTree = "<group>"; };
		F934367018C9D10D003415AA /* AudioToolbox.framework */ = {isa = PBXFileReference; lastKnownFileType = wrapper.framework; name = AudioToolbox.framework; path = System/Library/Frameworks/AudioToolbox.framework; sourceTree = SDKROOT; };
		F934367218C9D116003415AA /* CFNetwork.framework */ = {isa = PBXFileReference; lastKnownFileType = wrapper.framework; name = CFNetwork.framework; path = System/Library/Frameworks/CFNetwork.framework; sourceTree = SDKROOT; };
		F934367418C9D12A003415AA /* CoreLocation.framework */ = {isa = PBXFileReference; lastKnownFileType = wrapper.framework; name = CoreLocation.framework; path = System/Library/Frameworks/CoreLocation.framework; sourceTree = SDKROOT; };
		F934367618C9D138003415AA /* libz.dylib */ = {isa = PBXFileReference; lastKnownFileType = "compiled.mach-o.dylib"; name = libz.dylib; path = usr/lib/libz.dylib; sourceTree = SDKROOT; };
		F934367818C9D143003415AA /* MobileCoreServices.framework */ = {isa = PBXFileReference; lastKnownFileType = wrapper.framework; name = MobileCoreServices.framework; path = System/Library/Frameworks/MobileCoreServices.framework; sourceTree = SDKROOT; };
		F934367A18C9D14C003415AA /* QuartzCore.framework */ = {isa = PBXFileReference; lastKnownFileType = wrapper.framework; name = QuartzCore.framework; path = System/Library/Frameworks/QuartzCore.framework; sourceTree = SDKROOT; };
		F934367C18C9D155003415AA /* Security.framework */ = {isa = PBXFileReference; lastKnownFileType = wrapper.framework; name = Security.framework; path = System/Library/Frameworks/Security.framework; sourceTree = SDKROOT; };
		F934367E18C9D15E003415AA /* StoreKit.framework */ = {isa = PBXFileReference; lastKnownFileType = wrapper.framework; name = StoreKit.framework; path = System/Library/Frameworks/StoreKit.framework; sourceTree = SDKROOT; };
		F934368018C9D16D003415AA /* SystemConfiguration.framework */ = {isa = PBXFileReference; lastKnownFileType = wrapper.framework; name = SystemConfiguration.framework; path = System/Library/Frameworks/SystemConfiguration.framework; sourceTree = SDKROOT; };
		F934368218CC8B69003415AA /* SGFeedViewController.h */ = {isa = PBXFileReference; fileEncoding = 4; lastKnownFileType = sourcecode.c.h; path = SGFeedViewController.h; sourceTree = "<group>"; };
		F934368318CC8B69003415AA /* SGFeedViewController.m */ = {isa = PBXFileReference; fileEncoding = 4; lastKnownFileType = sourcecode.c.objc; path = SGFeedViewController.m; sourceTree = "<group>"; };
		F93916A018DBA56A004A1C27 /* Parse.framework */ = {isa = PBXFileReference; lastKnownFileType = wrapper.framework; path = Parse.framework; sourceTree = "<group>"; };
		F984D63D18E4B3B400CAA420 /* AVFoundation.framework */ = {isa = PBXFileReference; lastKnownFileType = wrapper.framework; name = AVFoundation.framework; path = System/Library/Frameworks/AVFoundation.framework; sourceTree = SDKROOT; };
		F9A50DB018C8BDBB00FD7CFE /* Saga.app */ = {isa = PBXFileReference; explicitFileType = wrapper.application; includeInIndex = 0; path = Saga.app; sourceTree = BUILT_PRODUCTS_DIR; };
		F9A50DB318C8BDBB00FD7CFE /* Foundation.framework */ = {isa = PBXFileReference; lastKnownFileType = wrapper.framework; name = Foundation.framework; path = System/Library/Frameworks/Foundation.framework; sourceTree = SDKROOT; };
		F9A50DB518C8BDBB00FD7CFE /* CoreGraphics.framework */ = {isa = PBXFileReference; lastKnownFileType = wrapper.framework; name = CoreGraphics.framework; path = System/Library/Frameworks/CoreGraphics.framework; sourceTree = SDKROOT; };
		F9A50DB718C8BDBB00FD7CFE /* UIKit.framework */ = {isa = PBXFileReference; lastKnownFileType = wrapper.framework; name = UIKit.framework; path = System/Library/Frameworks/UIKit.framework; sourceTree = SDKROOT; };
		F9A50DBB18C8BDBB00FD7CFE /* Saga-Info.plist */ = {isa = PBXFileReference; lastKnownFileType = text.plist.xml; path = "Saga-Info.plist"; sourceTree = "<group>"; };
		F9A50DBD18C8BDBB00FD7CFE /* en */ = {isa = PBXFileReference; lastKnownFileType = text.plist.strings; name = en; path = en.lproj/InfoPlist.strings; sourceTree = "<group>"; };
		F9A50DBF18C8BDBB00FD7CFE /* main.m */ = {isa = PBXFileReference; lastKnownFileType = sourcecode.c.objc; path = main.m; sourceTree = "<group>"; };
		F9A50DC118C8BDBB00FD7CFE /* Saga-Prefix.pch */ = {isa = PBXFileReference; lastKnownFileType = sourcecode.c.h; path = "Saga-Prefix.pch"; sourceTree = "<group>"; };
		F9A50DC218C8BDBB00FD7CFE /* SGAppDelegate.h */ = {isa = PBXFileReference; lastKnownFileType = sourcecode.c.h; path = SGAppDelegate.h; sourceTree = "<group>"; };
		F9A50DC318C8BDBB00FD7CFE /* SGAppDelegate.m */ = {isa = PBXFileReference; lastKnownFileType = sourcecode.c.objc; path = SGAppDelegate.m; sourceTree = "<group>"; };
		F9A50DC518C8BDBB00FD7CFE /* Images.xcassets */ = {isa = PBXFileReference; lastKnownFileType = folder.assetcatalog; path = Images.xcassets; sourceTree = "<group>"; };
		F9A50DCB18C8BDBB00FD7CFE /* SagaTests.xctest */ = {isa = PBXFileReference; explicitFileType = wrapper.cfbundle; includeInIndex = 0; path = SagaTests.xctest; sourceTree = BUILT_PRODUCTS_DIR; };
		F9A50DCC18C8BDBB00FD7CFE /* XCTest.framework */ = {isa = PBXFileReference; lastKnownFileType = wrapper.framework; name = XCTest.framework; path = Library/Frameworks/XCTest.framework; sourceTree = DEVELOPER_DIR; };
		F9A50DE218C8BDFD00FD7CFE /* MainStoryboard.storyboard */ = {isa = PBXFileReference; fileEncoding = 4; lastKnownFileType = file.storyboard; path = MainStoryboard.storyboard; sourceTree = "<group>"; };
/* End PBXFileReference section */

/* Begin PBXFrameworksBuildPhase section */
		F9A50DAD18C8BDBB00FD7CFE /* Frameworks */ = {
			isa = PBXFrameworksBuildPhase;
			buildActionMask = 2147483647;
			files = (
				F984D63E18E4B3B400CAA420 /* AVFoundation.framework in Frameworks */,
				F93916A118DBA56A004A1C27 /* Parse.framework in Frameworks */,
				F934368118C9D16D003415AA /* SystemConfiguration.framework in Frameworks */,
				F934367F18C9D15E003415AA /* StoreKit.framework in Frameworks */,
				F934367D18C9D155003415AA /* Security.framework in Frameworks */,
				F934367B18C9D14C003415AA /* QuartzCore.framework in Frameworks */,
				F934367918C9D143003415AA /* MobileCoreServices.framework in Frameworks */,
				F934367718C9D138003415AA /* libz.dylib in Frameworks */,
				F934367518C9D12A003415AA /* CoreLocation.framework in Frameworks */,
				F9A50DB618C8BDBB00FD7CFE /* CoreGraphics.framework in Frameworks */,
				F934367318C9D116003415AA /* CFNetwork.framework in Frameworks */,
				F934367118C9D10D003415AA /* AudioToolbox.framework in Frameworks */,
				F9A50DB818C8BDBB00FD7CFE /* UIKit.framework in Frameworks */,
				F9A50DB418C8BDBB00FD7CFE /* Foundation.framework in Frameworks */,
			);
			runOnlyForDeploymentPostprocessing = 0;
		};
		F9A50DC818C8BDBB00FD7CFE /* Frameworks */ = {
			isa = PBXFrameworksBuildPhase;
			buildActionMask = 2147483647;
			files = (
				F9A50DCD18C8BDBB00FD7CFE /* XCTest.framework in Frameworks */,
				F9A50DCF18C8BDBB00FD7CFE /* UIKit.framework in Frameworks */,
				F9A50DCE18C8BDBB00FD7CFE /* Foundation.framework in Frameworks */,
			);
			runOnlyForDeploymentPostprocessing = 0;
		};
/* End PBXFrameworksBuildPhase section */

/* Begin PBXGroup section */
		F9A50DA718C8BDBB00FD7CFE = {
			isa = PBXGroup;
			children = (
				F9A50DB918C8BDBB00FD7CFE /* Saga */,
				F9A50DB218C8BDBB00FD7CFE /* Frameworks */,
				F9A50DB118C8BDBB00FD7CFE /* Products */,
			);
			sourceTree = "<group>";
		};
		F9A50DB118C8BDBB00FD7CFE /* Products */ = {
			isa = PBXGroup;
			children = (
				F9A50DB018C8BDBB00FD7CFE /* Saga.app */,
				F9A50DCB18C8BDBB00FD7CFE /* SagaTests.xctest */,
			);
			name = Products;
			sourceTree = "<group>";
		};
		F9A50DB218C8BDBB00FD7CFE /* Frameworks */ = {
			isa = PBXGroup;
			children = (
				F984D63D18E4B3B400CAA420 /* AVFoundation.framework */,
				F93916A018DBA56A004A1C27 /* Parse.framework */,
				F934368018C9D16D003415AA /* SystemConfiguration.framework */,
				F934367E18C9D15E003415AA /* StoreKit.framework */,
				F934367C18C9D155003415AA /* Security.framework */,
				F934367A18C9D14C003415AA /* QuartzCore.framework */,
				F934367818C9D143003415AA /* MobileCoreServices.framework */,
				F934367618C9D138003415AA /* libz.dylib */,
				F934367418C9D12A003415AA /* CoreLocation.framework */,
				F934367218C9D116003415AA /* CFNetwork.framework */,
				F934367018C9D10D003415AA /* AudioToolbox.framework */,
				F9A50DB318C8BDBB00FD7CFE /* Foundation.framework */,
				F9A50DB518C8BDBB00FD7CFE /* CoreGraphics.framework */,
				F9A50DB718C8BDBB00FD7CFE /* UIKit.framework */,
				F9A50DCC18C8BDBB00FD7CFE /* XCTest.framework */,
			);
			name = Frameworks;
			sourceTree = "<group>";
		};
		F9A50DB918C8BDBB00FD7CFE /* Saga */ = {
			isa = PBXGroup;
			children = (
				F9A50DE218C8BDFD00FD7CFE /* MainStoryboard.storyboard */,
				69B2C28A18DDB1F10038DB55 /* SGshooterSegue.h */,
				69B2C28B18DDB1F10038DB55 /* SGshooterSegue.m */,
				69B2C28718DDA2630038DB55 /* SGShooterViewController.h */,
				69B2C28818DDA2630038DB55 /* SGShooterViewController.m */,
				69B2C28418DCEF680038DB55 /* SGSagaHolderView.h */,
				69B2C28518DCEF680038DB55 /* SGSagaHolderView.m */,
				69B2C27B18DCA8FB0038DB55 /* SGFeedTableViewController.h */,
				69B2C27C18DCA8FB0038DB55 /* SGFeedTableViewController.m */,
				69B2C27E18DCA99F0038DB55 /* SGSagaCell.h */,
				69B2C27F18DCA99F0038DB55 /* SGSagaCell.m */,
				69B2C28118DCA9A90038DB55 /* SGSaCell.h */,
				69B2C28218DCA9A90038DB55 /* SGSaCell.m */,
				F9A50DC218C8BDBB00FD7CFE /* SGAppDelegate.h */,
				F9A50DC318C8BDBB00FD7CFE /* SGAppDelegate.m */,
				F934368218CC8B69003415AA /* SGFeedViewController.h */,
				F934368318CC8B69003415AA /* SGFeedViewController.m */,
				F9A50DC518C8BDBB00FD7CFE /* Images.xcassets */,
				F9A50DBA18C8BDBB00FD7CFE /* Supporting Files */,
			);
			path = Saga;
			sourceTree = "<group>";
		};
		F9A50DBA18C8BDBB00FD7CFE /* Supporting Files */ = {
			isa = PBXGroup;
			children = (
				F9A50DBB18C8BDBB00FD7CFE /* Saga-Info.plist */,
				F9A50DBC18C8BDBB00FD7CFE /* InfoPlist.strings */,
				F9A50DBF18C8BDBB00FD7CFE /* main.m */,
				F9A50DC118C8BDBB00FD7CFE /* Saga-Prefix.pch */,
			);
			name = "Supporting Files";
			sourceTree = "<group>";
		};
/* End PBXGroup section */

/* Begin PBXNativeTarget section */
		F9A50DAF18C8BDBB00FD7CFE /* Saga */ = {
			isa = PBXNativeTarget;
			buildConfigurationList = F9A50DDC18C8BDBB00FD7CFE /* Build configuration list for PBXNativeTarget "Saga" */;
			buildPhases = (
				F9A50DAC18C8BDBB00FD7CFE /* Sources */,
				F9A50DAD18C8BDBB00FD7CFE /* Frameworks */,
				F9A50DAE18C8BDBB00FD7CFE /* Resources */,
			);
			buildRules = (
			);
			dependencies = (
			);
			name = Saga;
			productName = Saga;
			productReference = F9A50DB018C8BDBB00FD7CFE /* Saga.app */;
			productType = "com.apple.product-type.application";
		};
		F9A50DCA18C8BDBB00FD7CFE /* SagaTests */ = {
			isa = PBXNativeTarget;
			buildConfigurationList = F9A50DDF18C8BDBB00FD7CFE /* Build configuration list for PBXNativeTarget "SagaTests" */;
			buildPhases = (
				F9A50DC718C8BDBB00FD7CFE /* Sources */,
				F9A50DC818C8BDBB00FD7CFE /* Frameworks */,
				F9A50DC918C8BDBB00FD7CFE /* Resources */,
			);
			buildRules = (
			);
			dependencies = (
				F9A50DD118C8BDBB00FD7CFE /* PBXTargetDependency */,
			);
			name = SagaTests;
			productName = SagaTests;
			productReference = F9A50DCB18C8BDBB00FD7CFE /* SagaTests.xctest */;
			productType = "com.apple.product-type.bundle.unit-test";
		};
/* End PBXNativeTarget section */

/* Begin PBXProject section */
		F9A50DA818C8BDBB00FD7CFE /* Project object */ = {
			isa = PBXProject;
			attributes = {
				CLASSPREFIX = CT;
				LastUpgradeCheck = 0510;
				ORGANIZATIONNAME = cottonTracks;
				TargetAttributes = {
					F9A50DAF18C8BDBB00FD7CFE = {
						DevelopmentTeam = VMWGLEBVZA;
					};
					F9A50DCA18C8BDBB00FD7CFE = {
						TestTargetID = F9A50DAF18C8BDBB00FD7CFE;
					};
				};
			};
			buildConfigurationList = F9A50DAB18C8BDBB00FD7CFE /* Build configuration list for PBXProject "Saga" */;
			compatibilityVersion = "Xcode 3.2";
			developmentRegion = English;
			hasScannedForEncodings = 0;
			knownRegions = (
				en,
			);
			mainGroup = F9A50DA718C8BDBB00FD7CFE;
			productRefGroup = F9A50DB118C8BDBB00FD7CFE /* Products */;
			projectDirPath = "";
			projectRoot = "";
			targets = (
				F9A50DAF18C8BDBB00FD7CFE /* Saga */,
				F9A50DCA18C8BDBB00FD7CFE /* SagaTests */,
			);
		};
/* End PBXProject section */

/* Begin PBXResourcesBuildPhase section */
		F9A50DAE18C8BDBB00FD7CFE /* Resources */ = {
			isa = PBXResourcesBuildPhase;
			buildActionMask = 2147483647;
			files = (
				F9A50DE318C8BDFD00FD7CFE /* MainStoryboard.storyboard in Resources */,
				F9A50DBE18C8BDBB00FD7CFE /* InfoPlist.strings in Resources */,
				F9A50DC618C8BDBB00FD7CFE /* Images.xcassets in Resources */,
			);
			runOnlyForDeploymentPostprocessing = 0;
		};
		F9A50DC918C8BDBB00FD7CFE /* Resources */ = {
			isa = PBXResourcesBuildPhase;
			buildActionMask = 2147483647;
			files = (
			);
			runOnlyForDeploymentPostprocessing = 0;
		};
/* End PBXResourcesBuildPhase section */

/* Begin PBXSourcesBuildPhase section */
		F9A50DAC18C8BDBB00FD7CFE /* Sources */ = {
			isa = PBXSourcesBuildPhase;
			buildActionMask = 2147483647;
			files = (
				F9A50DC018C8BDBB00FD7CFE /* main.m in Sources */,
				69B2C28918DDA2630038DB55 /* SGShooterViewController.m in Sources */,
				69B2C28018DCA99F0038DB55 /* SGSagaCell.m in Sources */,
				69B2C28318DCA9A90038DB55 /* SGSaCell.m in Sources */,
				69B2C27D18DCA8FB0038DB55 /* SGFeedTableViewController.m in Sources */,
				69B2C28618DCEF680038DB55 /* SGSagaHolderView.m in Sources */,
				F934368418CC8B69003415AA /* SGFeedViewController.m in Sources */,
				F9A50DC418C8BDBB00FD7CFE /* SGAppDelegate.m in Sources */,
				69B2C28C18DDB1F10038DB55 /* SGshooterSegue.m in Sources */,
			);
			runOnlyForDeploymentPostprocessing = 0;
		};
		F9A50DC718C8BDBB00FD7CFE /* Sources */ = {
			isa = PBXSourcesBuildPhase;
			buildActionMask = 2147483647;
			files = (
			);
			runOnlyForDeploymentPostprocessing = 0;
		};
/* End PBXSourcesBuildPhase section */

/* Begin PBXTargetDependency section */
		F9A50DD118C8BDBB00FD7CFE /* PBXTargetDependency */ = {
			isa = PBXTargetDependency;
			target = F9A50DAF18C8BDBB00FD7CFE /* Saga */;
			targetProxy = F9A50DD018C8BDBB00FD7CFE /* PBXContainerItemProxy */;
		};
/* End PBXTargetDependency section */

/* Begin PBXVariantGroup section */
		F9A50DBC18C8BDBB00FD7CFE /* InfoPlist.strings */ = {
			isa = PBXVariantGroup;
			children = (
				F9A50DBD18C8BDBB00FD7CFE /* en */,
			);
			name = InfoPlist.strings;
			sourceTree = "<group>";
		};
/* End PBXVariantGroup section */

/* Begin XCBuildConfiguration section */
		F9A50DDA18C8BDBB00FD7CFE /* Debug */ = {
			isa = XCBuildConfiguration;
			buildSettings = {
				ALWAYS_SEARCH_USER_PATHS = NO;
				CLANG_CXX_LANGUAGE_STANDARD = "gnu++0x";
				CLANG_CXX_LIBRARY = "libc++";
				CLANG_ENABLE_MODULES = YES;
				CLANG_ENABLE_OBJC_ARC = YES;
				CLANG_WARN_BOOL_CONVERSION = YES;
				CLANG_WARN_CONSTANT_CONVERSION = YES;
				CLANG_WARN_DIRECT_OBJC_ISA_USAGE = YES_ERROR;
				CLANG_WARN_EMPTY_BODY = YES;
				CLANG_WARN_ENUM_CONVERSION = YES;
				CLANG_WARN_INT_CONVERSION = YES;
				CLANG_WARN_OBJC_ROOT_CLASS = YES_ERROR;
				CLANG_WARN__DUPLICATE_METHOD_MATCH = YES;
				"CODE_SIGN_IDENTITY[sdk=iphoneos*]" = "iPhone Developer";
				COPY_PHASE_STRIP = NO;
				GCC_C_LANGUAGE_STANDARD = gnu99;
				GCC_DYNAMIC_NO_PIC = NO;
				GCC_OPTIMIZATION_LEVEL = 0;
				GCC_PREPROCESSOR_DEFINITIONS = (
					"DEBUG=1",
					"$(inherited)",
				);
				GCC_SYMBOLS_PRIVATE_EXTERN = NO;
				GCC_WARN_64_TO_32_BIT_CONVERSION = YES;
				GCC_WARN_ABOUT_RETURN_TYPE = YES_ERROR;
				GCC_WARN_UNDECLARED_SELECTOR = YES;
				GCC_WARN_UNINITIALIZED_AUTOS = YES;
				GCC_WARN_UNUSED_FUNCTION = YES;
				GCC_WARN_UNUSED_VARIABLE = YES;
				IPHONEOS_DEPLOYMENT_TARGET = 7.0;
				ONLY_ACTIVE_ARCH = YES;
				SDKROOT = iphoneos;
			};
			name = Debug;
		};
		F9A50DDB18C8BDBB00FD7CFE /* Release */ = {
			isa = XCBuildConfiguration;
			buildSettings = {
				ALWAYS_SEARCH_USER_PATHS = NO;
				CLANG_CXX_LANGUAGE_STANDARD = "gnu++0x";
				CLANG_CXX_LIBRARY = "libc++";
				CLANG_ENABLE_MODULES = YES;
				CLANG_ENABLE_OBJC_ARC = YES;
				CLANG_WARN_BOOL_CONVERSION = YES;
				CLANG_WARN_CONSTANT_CONVERSION = YES;
				CLANG_WARN_DIRECT_OBJC_ISA_USAGE = YES_ERROR;
				CLANG_WARN_EMPTY_BODY = YES;
				CLANG_WARN_ENUM_CONVERSION = YES;
				CLANG_WARN_INT_CONVERSION = YES;
				CLANG_WARN_OBJC_ROOT_CLASS = YES_ERROR;
				CLANG_WARN__DUPLICATE_METHOD_MATCH = YES;
				"CODE_SIGN_IDENTITY[sdk=iphoneos*]" = "iPhone Developer";
				COPY_PHASE_STRIP = YES;
				ENABLE_NS_ASSERTIONS = NO;
				GCC_C_LANGUAGE_STANDARD = gnu99;
				GCC_WARN_64_TO_32_BIT_CONVERSION = YES;
				GCC_WARN_ABOUT_RETURN_TYPE = YES_ERROR;
				GCC_WARN_UNDECLARED_SELECTOR = YES;
				GCC_WARN_UNINITIALIZED_AUTOS = YES;
				GCC_WARN_UNUSED_FUNCTION = YES;
				GCC_WARN_UNUSED_VARIABLE = YES;
				IPHONEOS_DEPLOYMENT_TARGET = 7.0;
				SDKROOT = iphoneos;
				VALIDATE_PRODUCT = YES;
			};
			name = Release;
		};
		F9A50DDD18C8BDBB00FD7CFE /* Debug */ = {
			isa = XCBuildConfiguration;
			buildSettings = {
				ASSETCATALOG_COMPILER_APPICON_NAME = AppIcon;
				ASSETCATALOG_COMPILER_LAUNCHIMAGE_NAME = LaunchImage;
				CODE_SIGN_IDENTITY = "iPhone Developer";
				FRAMEWORK_SEARCH_PATHS = (
					"$(inherited)",
					/Users/raphaelkorach/workspace/iOS/Saga,
					/Users/raphaelkorach/workspace/iOS/Saga,
					"$(PROJECT_DIR)",
				);
				GCC_PRECOMPILE_PREFIX_HEADER = YES;
				GCC_PREFIX_HEADER = "Saga/Saga-Prefix.pch";
				INFOPLIST_FILE = "Saga/Saga-Info.plist";
				PRODUCT_NAME = "$(TARGET_NAME)";
				WRAPPER_EXTENSION = app;
			};
			name = Debug;
		};
		F9A50DDE18C8BDBB00FD7CFE /* Release */ = {
			isa = XCBuildConfiguration;
			buildSettings = {
				ASSETCATALOG_COMPILER_APPICON_NAME = AppIcon;
				ASSETCATALOG_COMPILER_LAUNCHIMAGE_NAME = LaunchImage;
				CODE_SIGN_IDENTITY = "iPhone Developer";
				FRAMEWORK_SEARCH_PATHS = (
					"$(inherited)",
					/Users/raphaelkorach/workspace/iOS/Saga,
					/Users/raphaelkorach/workspace/iOS/Saga,
					"$(PROJECT_DIR)",
				);
				GCC_PRECOMPILE_PREFIX_HEADER = YES;
				GCC_PREFIX_HEADER = "Saga/Saga-Prefix.pch";
				INFOPLIST_FILE = "Saga/Saga-Info.plist";
				PRODUCT_NAME = "$(TARGET_NAME)";
				WRAPPER_EXTENSION = app;
			};
			name = Release;
		};
		F9A50DE018C8BDBB00FD7CFE /* Debug */ = {
			isa = XCBuildConfiguration;
			buildSettings = {
				BUNDLE_LOADER = "$(BUILT_PRODUCTS_DIR)/Saga.app/Saga";
				FRAMEWORK_SEARCH_PATHS = (
					"$(SDKROOT)/Developer/Library/Frameworks",
					"$(inherited)",
					"$(DEVELOPER_FRAMEWORKS_DIR)",
				);
				GCC_PRECOMPILE_PREFIX_HEADER = YES;
				GCC_PREFIX_HEADER = "Saga/Saga-Prefix.pch";
				GCC_PREPROCESSOR_DEFINITIONS = (
					"DEBUG=1",
					"$(inherited)",
				);
				INFOPLIST_FILE = "SagaTests/SagaTests-Info.plist";
				PRODUCT_NAME = "$(TARGET_NAME)";
				TEST_HOST = "$(BUNDLE_LOADER)";
				WRAPPER_EXTENSION = xctest;
			};
			name = Debug;
		};
		F9A50DE118C8BDBB00FD7CFE /* Release */ = {
			isa = XCBuildConfiguration;
			buildSettings = {
				BUNDLE_LOADER = "$(BUILT_PRODUCTS_DIR)/Saga.app/Saga";
				FRAMEWORK_SEARCH_PATHS = (
					"$(SDKROOT)/Developer/Library/Frameworks",
					"$(inherited)",
					"$(DEVELOPER_FRAMEWORKS_DIR)",
				);
				GCC_PRECOMPILE_PREFIX_HEADER = YES;
				GCC_PREFIX_HEADER = "Saga/Saga-Prefix.pch";
				INFOPLIST_FILE = "SagaTests/SagaTests-Info.plist";
				PRODUCT_NAME = "$(TARGET_NAME)";
				TEST_HOST = "$(BUNDLE_LOADER)";
				WRAPPER_EXTENSION = xctest;
			};
			name = Release;
		};
/* End XCBuildConfiguration section */

/* Begin XCConfigurationList section */
		F9A50DAB18C8BDBB00FD7CFE /* Build configuration list for PBXProject "Saga" */ = {
			isa = XCConfigurationList;
			buildConfigurations = (
				F9A50DDA18C8BDBB00FD7CFE /* Debug */,
				F9A50DDB18C8BDBB00FD7CFE /* Release */,
			);
			defaultConfigurationIsVisible = 0;
			defaultConfigurationName = Release;
		};
		F9A50DDC18C8BDBB00FD7CFE /* Build configuration list for PBXNativeTarget "Saga" */ = {
			isa = XCConfigurationList;
			buildConfigurations = (
				F9A50DDD18C8BDBB00FD7CFE /* Debug */,
				F9A50DDE18C8BDBB00FD7CFE /* Release */,
			);
			defaultConfigurationIsVisible = 0;
			defaultConfigurationName = Release;
		};
		F9A50DDF18C8BDBB00FD7CFE /* Build configuration list for PBXNativeTarget "SagaTests" */ = {
			isa = XCConfigurationList;
			buildConfigurations = (
				F9A50DE018C8BDBB00FD7CFE /* Debug */,
				F9A50DE118C8BDBB00FD7CFE /* Release */,
			);
			defaultConfigurationIsVisible = 0;
			defaultConfigurationName = Release;
		};
/* End XCConfigurationList section */
	};
	rootObject = F9A50DA818C8BDBB00FD7CFE /* Project object */;
}
